
Microsoft Visual Studio Solution File, Format Version 12.00
# Visual Studio Version 17
VisualStudioVersion = 17.5.2.0
MinimumVisualStudioVersion = 10.0.40219.1
Project("{FAE04EC0-301F-11D3-BF4B-00C04F79EFBC}") = "ChatDemo", "ChatDemo\ChatDemo.csproj", "{5F4C7581-89E8-ED37-6E02-E2E14C27AC6F}"
EndProject
Project("{FAE04EC0-301F-11D3-BF4B-00C04F79EFBC}") = "CustomModeDemo", "CustomModeDemo\CustomModeDemo.csproj", "{BFA24020-2D1E-4DF4-920F-71EADA1CB079}"
EndProject
Project("{FAE04EC0-301F-11D3-BF4B-00C04F79EFBC}") = "SmartAPI", "SmartAPI\SmartAPI.csproj", "{6A02CFA6-74B9-49B3-8087-784BD18C73BA}"
EndProject
Project("{FAE04EC0-301F-11D3-BF4B-00C04F79EFBC}") = "AgentModeDemo", "AgentModeDemo\AgentModeDemo.csproj", "{43803602-2C94-4544-BB79-631BB8FAF488}"
EndProject
Project("{FAE04EC0-301F-11D3-BF4B-00C04F79EFBC}") = "SK-Chat", "SK-Chat\SK-Chat.csproj", "{58E33549-13CD-4CAF-BF6D-40AFE5015E54}"
EndProject
Project("{FAE04EC0-301F-11D3-BF4B-00C04F79EFBC}") = "SK-ImageToText", "SK-ImageToText\SK-ImageToText.csproj", "{FCDE96F2-D213-4CEE-817F-FD4647F9C3D3}"
EndProject
Project("{FAE04EC0-301F-11D3-BF4B-00C04F79EFBC}") = "SK-AudioToText", "SK-AudioToText\SK-AudioToText.csproj", "{01F4995C-D4D5-41F9-929B-67F822F1095A}"
EndProject
Project("{FAE04EC0-301F-11D3-BF4B-00C04F79EFBC}") = "SK-TextToAudio", "SK-TextToAudio\SK-TextToAudio.csproj", "{7F6A2D9A-B997-441C-9FC8-B47483D46965}"
EndProject
Project("{FAE04EC0-301F-11D3-BF4B-00C04F79EFBC}") = "SK-TextToImage", "SK-TextToImage\SK-TextToImage.csproj", "{322B51EC-4666-4F66-8746-36BBF4EC58DE}"
EndProject
Project("{FAE04EC0-301F-11D3-BF4B-00C04F79EFBC}") = "SK-Embedding", "SK-Embedding\SK-Embedding.csproj", "{DC9A05E5-D52D-4C5E-B05A-A487A776B561}"
EndProject
Project("{FAE04EC0-301F-11D3-BF4B-00C04F79EFBC}") = "SK-Agent-Concurrent", "SK-Agent-Concurrent\SK-Agent-Concurrent.csproj", "{74D2DC5D-C2FC-4AD0-B2C4-32955E44C34B}"
EndProject
Project("{FAE04EC0-301F-11D3-BF4B-00C04F79EFBC}") = "SK-Agent-Sequential", "SK-Agent-Sequential\SK-Agent-Sequential.csproj", "{618B4FEB-5152-45BD-A933-7A63F3F8ED53}"
EndProject
Project("{FAE04EC0-301F-11D3-BF4B-00C04F79EFBC}") = "SK-Agent-GroupChat", "SK-Agent-GroupChat\SK-Agent-GroupChat.csproj", "{006D670F-93B2-40D3-B92B-6D8FCD539580}"
EndProject
Project("{FAE04EC0-301F-11D3-BF4B-00C04F79EFBC}") = "SK-Agent-Handoff", "SK-Agent-Handoff\SK-Agent-Handoff.csproj", "{909070FA-6E30-4EF7-9570-03DF206C904E}"
EndProject
Project("{FAE04EC0-301F-11D3-BF4B-00C04F79EFBC}") = "SK-Agent-Magentic", "SK-Agent-Magentic\SK-Agent-Magentic.csproj", "{E72EE964-C0B2-46A7-A0F0-C88F23F0DD4B}"
EndProject
Project("{FAE04EC0-301F-11D3-BF4B-00C04F79EFBC}") = "Hash#Demo", "Hash#Demo\Hash#Demo.csproj", "{1318B1A3-D129-4189-B85A-993D9AA027CD}"
EndProject
Project("{FAE04EC0-301F-11D3-BF4B-00C04F79EFBC}") = "just-agi-api", "just-agi-api\just-agi-api.csproj", "{6626B87F-F5C5-4ADA-9D52-1735685092DE}"
EndProject
Project("{FAE04EC0-301F-11D3-BF4B-00C04F79EFBC}") = "TodosDemo", "TodosDemo\TodosDemo.csproj", "{4EACBB66-B1C2-4828-BCA7-653EE10E7E0A}"
EndProject
Project("{FAE04EC0-301F-11D3-BF4B-00C04F79EFBC}") = "SK-Chat-FunctionCalling", "SK-Chat-FunctionCalling\SK-Chat-FunctionCalling.csproj", "{535065A3-CCAE-4665-BF12-C76A47F42F35}"
EndProject
Project("{FAE04EC0-301F-11D3-BF4B-00C04F79EFBC}") = "SK-Chat-Ollama", "SK-Chat-Ollama\SK-Chat-Ollama.csproj", "{93612085-5370-4695-8070-F9BD46560041}"
EndProject
Global
	GlobalSection(SolutionConfigurationPlatforms) = preSolution
		Debug|Any CPU = Debug|Any CPU
		Debug|x64 = Debug|x64
		Debug|x86 = Debug|x86
		Release|Any CPU = Release|Any CPU
		Release|x64 = Release|x64
		Release|x86 = Release|x86
	EndGlobalSection
	GlobalSection(ProjectConfigurationPlatforms) = postSolution
		{5F4C7581-89E8-ED37-6E02-E2E14C27AC6F}.Debug|Any CPU.ActiveCfg = Debug|Any CPU
		{5F4C7581-89E8-ED37-6E02-E2E14C27AC6F}.Debug|Any CPU.Build.0 = Debug|Any CPU
		{5F4C7581-89E8-ED37-6E02-E2E14C27AC6F}.Debug|x64.ActiveCfg = Debug|Any CPU
		{5F4C7581-89E8-ED37-6E02-E2E14C27AC6F}.Debug|x64.Build.0 = Debug|Any CPU
		{5F4C7581-89E8-ED37-6E02-E2E14C27AC6F}.Debug|x86.ActiveCfg = Debug|Any CPU
		{5F4C7581-89E8-ED37-6E02-E2E14C27AC6F}.Debug|x86.Build.0 = Debug|Any CPU
		{5F4C7581-89E8-ED37-6E02-E2E14C27AC6F}.Release|Any CPU.ActiveCfg = Release|Any CPU
		{5F4C7581-89E8-ED37-6E02-E2E14C27AC6F}.Release|Any CPU.Build.0 = Release|Any CPU
		{5F4C7581-89E8-ED37-6E02-E2E14C27AC6F}.Release|x64.ActiveCfg = Release|Any CPU
		{5F4C7581-89E8-ED37-6E02-E2E14C27AC6F}.Release|x64.Build.0 = Release|Any CPU
		{5F4C7581-89E8-ED37-6E02-E2E14C27AC6F}.Release|x86.ActiveCfg = Release|Any CPU
		{5F4C7581-89E8-ED37-6E02-E2E14C27AC6F}.Release|x86.Build.0 = Release|Any CPU
		{BFA24020-2D1E-4DF4-920F-71EADA1CB079}.Debug|Any CPU.ActiveCfg = Debug|Any CPU
		{BFA24020-2D1E-4DF4-920F-71EADA1CB079}.Debug|Any CPU.Build.0 = Debug|Any CPU
		{BFA24020-2D1E-4DF4-920F-71EADA1CB079}.Debug|x64.ActiveCfg = Debug|Any CPU
		{BFA24020-2D1E-4DF4-920F-71EADA1CB079}.Debug|x64.Build.0 = Debug|Any CPU
		{BFA24020-2D1E-4DF4-920F-71EADA1CB079}.Debug|x86.ActiveCfg = Debug|Any CPU
		{BFA24020-2D1E-4DF4-920F-71EADA1CB079}.Debug|x86.Build.0 = Debug|Any CPU
		{BFA24020-2D1E-4DF4-920F-71EADA1CB079}.Release|Any CPU.ActiveCfg = Release|Any CPU
		{BFA24020-2D1E-4DF4-920F-71EADA1CB079}.Release|Any CPU.Build.0 = Release|Any CPU
		{BFA24020-2D1E-4DF4-920F-71EADA1CB079}.Release|x64.ActiveCfg = Release|Any CPU
		{BFA24020-2D1E-4DF4-920F-71EADA1CB079}.Release|x64.Build.0 = Release|Any CPU
		{BFA24020-2D1E-4DF4-920F-71EADA1CB079}.Release|x86.ActiveCfg = Release|Any CPU
		{BFA24020-2D1E-4DF4-920F-71EADA1CB079}.Release|x86.Build.0 = Release|Any CPU
		{6A02CFA6-74B9-49B3-8087-784BD18C73BA}.Debug|Any CPU.ActiveCfg = Debug|Any CPU
		{6A02CFA6-74B9-49B3-8087-784BD18C73BA}.Debug|Any CPU.Build.0 = Debug|Any CPU
		{6A02CFA6-74B9-49B3-8087-784BD18C73BA}.Debug|x64.ActiveCfg = Debug|Any CPU
		{6A02CFA6-74B9-49B3-8087-784BD18C73BA}.Debug|x64.Build.0 = Debug|Any CPU
		{6A02CFA6-74B9-49B3-8087-784BD18C73BA}.Debug|x86.ActiveCfg = Debug|Any CPU
		{6A02CFA6-74B9-49B3-8087-784BD18C73BA}.Debug|x86.Build.0 = Debug|Any CPU
		{6A02CFA6-74B9-49B3-8087-784BD18C73BA}.Release|Any CPU.ActiveCfg = Release|Any CPU
		{6A02CFA6-74B9-49B3-8087-784BD18C73BA}.Release|Any CPU.Build.0 = Release|Any CPU
		{6A02CFA6-74B9-49B3-8087-784BD18C73BA}.Release|x64.ActiveCfg = Release|Any CPU
		{6A02CFA6-74B9-49B3-8087-784BD18C73BA}.Release|x64.Build.0 = Release|Any CPU
		{6A02CFA6-74B9-49B3-8087-784BD18C73BA}.Release|x86.ActiveCfg = Release|Any CPU
		{6A02CFA6-74B9-49B3-8087-784BD18C73BA}.Release|x86.Build.0 = Release|Any CPU
		{43803602-2C94-4544-BB79-631BB8FAF488}.Debug|Any CPU.ActiveCfg = Debug|Any CPU
		{43803602-2C94-4544-BB79-631BB8FAF488}.Debug|Any CPU.Build.0 = Debug|Any CPU
		{43803602-2C94-4544-BB79-631BB8FAF488}.Debug|x64.ActiveCfg = Debug|Any CPU
		{43803602-2C94-4544-BB79-631BB8FAF488}.Debug|x64.Build.0 = Debug|Any CPU
		{43803602-2C94-4544-BB79-631BB8FAF488}.Debug|x86.ActiveCfg = Debug|Any CPU
		{43803602-2C94-4544-BB79-631BB8FAF488}.Debug|x86.Build.0 = Debug|Any CPU
		{43803602-2C94-4544-BB79-631BB8FAF488}.Release|Any CPU.ActiveCfg = Release|Any CPU
		{43803602-2C94-4544-BB79-631BB8FAF488}.Release|Any CPU.Build.0 = Release|Any CPU
		{43803602-2C94-4544-BB79-631BB8FAF488}.Release|x64.ActiveCfg = Release|Any CPU
		{43803602-2C94-4544-BB79-631BB8FAF488}.Release|x64.Build.0 = Release|Any CPU
		{43803602-2C94-4544-BB79-631BB8FAF488}.Release|x86.ActiveCfg = Release|Any CPU
		{43803602-2C94-4544-BB79-631BB8FAF488}.Release|x86.Build.0 = Release|Any CPU
		{58E33549-13CD-4CAF-BF6D-40AFE5015E54}.Debug|Any CPU.ActiveCfg = Debug|Any CPU
		{58E33549-13CD-4CAF-BF6D-40AFE5015E54}.Debug|Any CPU.Build.0 = Debug|Any CPU
		{58E33549-13CD-4CAF-BF6D-40AFE5015E54}.Debug|x64.ActiveCfg = Debug|Any CPU
		{58E33549-13CD-4CAF-BF6D-40AFE5015E54}.Debug|x64.Build.0 = Debug|Any CPU
		{58E33549-13CD-4CAF-BF6D-40AFE5015E54}.Debug|x86.ActiveCfg = Debug|Any CPU
		{58E33549-13CD-4CAF-BF6D-40AFE5015E54}.Debug|x86.Build.0 = Debug|Any CPU
		{58E33549-13CD-4CAF-BF6D-40AFE5015E54}.Release|Any CPU.ActiveCfg = Release|Any CPU
		{58E33549-13CD-4CAF-BF6D-40AFE5015E54}.Release|Any CPU.Build.0 = Release|Any CPU
		{58E33549-13CD-4CAF-BF6D-40AFE5015E54}.Release|x64.ActiveCfg = Release|Any CPU
		{58E33549-13CD-4CAF-BF6D-40AFE5015E54}.Release|x64.Build.0 = Release|Any CPU
		{58E33549-13CD-4CAF-BF6D-40AFE5015E54}.Release|x86.ActiveCfg = Release|Any CPU
		{58E33549-13CD-4CAF-BF6D-40AFE5015E54}.Release|x86.Build.0 = Release|Any CPU
		{FCDE96F2-D213-4CEE-817F-FD4647F9C3D3}.Debug|Any CPU.ActiveCfg = Debug|Any CPU
		{FCDE96F2-D213-4CEE-817F-FD4647F9C3D3}.Debug|Any CPU.Build.0 = Debug|Any CPU
		{FCDE96F2-D213-4CEE-817F-FD4647F9C3D3}.Debug|x64.ActiveCfg = Debug|Any CPU
		{FCDE96F2-D213-4CEE-817F-FD4647F9C3D3}.Debug|x64.Build.0 = Debug|Any CPU
		{FCDE96F2-D213-4CEE-817F-FD4647F9C3D3}.Debug|x86.ActiveCfg = Debug|Any CPU
		{FCDE96F2-D213-4CEE-817F-FD4647F9C3D3}.Debug|x86.Build.0 = Debug|Any CPU
		{FCDE96F2-D213-4CEE-817F-FD4647F9C3D3}.Release|Any CPU.ActiveCfg = Release|Any CPU
		{FCDE96F2-D213-4CEE-817F-FD4647F9C3D3}.Release|Any CPU.Build.0 = Release|Any CPU
		{FCDE96F2-D213-4CEE-817F-FD4647F9C3D3}.Release|x64.ActiveCfg = Release|Any CPU
		{FCDE96F2-D213-4CEE-817F-FD4647F9C3D3}.Release|x64.Build.0 = Release|Any CPU
		{FCDE96F2-D213-4CEE-817F-FD4647F9C3D3}.Release|x86.ActiveCfg = Release|Any CPU
		{FCDE96F2-D213-4CEE-817F-FD4647F9C3D3}.Release|x86.Build.0 = Release|Any CPU
		{01F4995C-D4D5-41F9-929B-67F822F1095A}.Debug|Any CPU.ActiveCfg = Debug|Any CPU
		{01F4995C-D4D5-41F9-929B-67F822F1095A}.Debug|Any CPU.Build.0 = Debug|Any CPU
		{01F4995C-D4D5-41F9-929B-67F822F1095A}.Debug|x64.ActiveCfg = Debug|Any CPU
		{01F4995C-D4D5-41F9-929B-67F822F1095A}.Debug|x64.Build.0 = Debug|Any CPU
		{01F4995C-D4D5-41F9-929B-67F822F1095A}.Debug|x86.ActiveCfg = Debug|Any CPU
		{01F4995C-D4D5-41F9-929B-67F822F1095A}.Debug|x86.Build.0 = Debug|Any CPU
		{01F4995C-D4D5-41F9-929B-67F822F1095A}.Release|Any CPU.ActiveCfg = Release|Any CPU
		{01F4995C-D4D5-41F9-929B-67F822F1095A}.Release|Any CPU.Build.0 = Release|Any CPU
		{01F4995C-D4D5-41F9-929B-67F822F1095A}.Release|x64.ActiveCfg = Release|Any CPU
		{01F4995C-D4D5-41F9-929B-67F822F1095A}.Release|x64.Build.0 = Release|Any CPU
		{01F4995C-D4D5-41F9-929B-67F822F1095A}.Release|x86.ActiveCfg = Release|Any CPU
		{01F4995C-D4D5-41F9-929B-67F822F1095A}.Release|x86.Build.0 = Release|Any CPU
		{7F6A2D9A-B997-441C-9FC8-B47483D46965}.Debug|Any CPU.ActiveCfg = Debug|Any CPU
		{7F6A2D9A-B997-441C-9FC8-B47483D46965}.Debug|Any CPU.Build.0 = Debug|Any CPU
		{7F6A2D9A-B997-441C-9FC8-B47483D46965}.Debug|x64.ActiveCfg = Debug|Any CPU
		{7F6A2D9A-B997-441C-9FC8-B47483D46965}.Debug|x64.Build.0 = Debug|Any CPU
		{7F6A2D9A-B997-441C-9FC8-B47483D46965}.Debug|x86.ActiveCfg = Debug|Any CPU
		{7F6A2D9A-B997-441C-9FC8-B47483D46965}.Debug|x86.Build.0 = Debug|Any CPU
		{7F6A2D9A-B997-441C-9FC8-B47483D46965}.Release|Any CPU.ActiveCfg = Release|Any CPU
		{7F6A2D9A-B997-441C-9FC8-B47483D46965}.Release|Any CPU.Build.0 = Release|Any CPU
		{7F6A2D9A-B997-441C-9FC8-B47483D46965}.Release|x64.ActiveCfg = Release|Any CPU
		{7F6A2D9A-B997-441C-9FC8-B47483D46965}.Release|x64.Build.0 = Release|Any CPU
		{7F6A2D9A-B997-441C-9FC8-B47483D46965}.Release|x86.ActiveCfg = Release|Any CPU
		{7F6A2D9A-B997-441C-9FC8-B47483D46965}.Release|x86.Build.0 = Release|Any CPU
		{322B51EC-4666-4F66-8746-36BBF4EC58DE}.Debug|Any CPU.ActiveCfg = Debug|Any CPU
		{322B51EC-4666-4F66-8746-36BBF4EC58DE}.Debug|Any CPU.Build.0 = Debug|Any CPU
		{322B51EC-4666-4F66-8746-36BBF4EC58DE}.Debug|x64.ActiveCfg = Debug|Any CPU
		{322B51EC-4666-4F66-8746-36BBF4EC58DE}.Debug|x64.Build.0 = Debug|Any CPU
		{322B51EC-4666-4F66-8746-36BBF4EC58DE}.Debug|x86.ActiveCfg = Debug|Any CPU
		{322B51EC-4666-4F66-8746-36BBF4EC58DE}.Debug|x86.Build.0 = Debug|Any CPU
		{322B51EC-4666-4F66-8746-36BBF4EC58DE}.Release|Any CPU.ActiveCfg = Release|Any CPU
		{322B51EC-4666-4F66-8746-36BBF4EC58DE}.Release|Any CPU.Build.0 = Release|Any CPU
		{322B51EC-4666-4F66-8746-36BBF4EC58DE}.Release|x64.ActiveCfg = Release|Any CPU
		{322B51EC-4666-4F66-8746-36BBF4EC58DE}.Release|x64.Build.0 = Release|Any CPU
		{322B51EC-4666-4F66-8746-36BBF4EC58DE}.Release|x86.ActiveCfg = Release|Any CPU
		{322B51EC-4666-4F66-8746-36BBF4EC58DE}.Release|x86.Build.0 = Release|Any CPU
		{DC9A05E5-D52D-4C5E-B05A-A487A776B561}.Debug|Any CPU.ActiveCfg = Debug|Any CPU
		{DC9A05E5-D52D-4C5E-B05A-A487A776B561}.Debug|Any CPU.Build.0 = Debug|Any CPU
		{DC9A05E5-D52D-4C5E-B05A-A487A776B561}.Debug|x64.ActiveCfg = Debug|Any CPU
		{DC9A05E5-D52D-4C5E-B05A-A487A776B561}.Debug|x64.Build.0 = Debug|Any CPU
		{DC9A05E5-D52D-4C5E-B05A-A487A776B561}.Debug|x86.ActiveCfg = Debug|Any CPU
		{DC9A05E5-D52D-4C5E-B05A-A487A776B561}.Debug|x86.Build.0 = Debug|Any CPU
		{DC9A05E5-D52D-4C5E-B05A-A487A776B561}.Release|Any CPU.ActiveCfg = Release|Any CPU
		{DC9A05E5-D52D-4C5E-B05A-A487A776B561}.Release|Any CPU.Build.0 = Release|Any CPU
		{DC9A05E5-D52D-4C5E-B05A-A487A776B561}.Release|x64.ActiveCfg = Release|Any CPU
		{DC9A05E5-D52D-4C5E-B05A-A487A776B561}.Release|x64.Build.0 = Release|Any CPU
		{DC9A05E5-D52D-4C5E-B05A-A487A776B561}.Release|x86.ActiveCfg = Release|Any CPU
		{DC9A05E5-D52D-4C5E-B05A-A487A776B561}.Release|x86.Build.0 = Release|Any CPU
		{74D2DC5D-C2FC-4AD0-B2C4-32955E44C34B}.Debug|Any CPU.ActiveCfg = Debug|Any CPU
		{74D2DC5D-C2FC-4AD0-B2C4-32955E44C34B}.Debug|Any CPU.Build.0 = Debug|Any CPU
		{74D2DC5D-C2FC-4AD0-B2C4-32955E44C34B}.Debug|x64.ActiveCfg = Debug|Any CPU
		{74D2DC5D-C2FC-4AD0-B2C4-32955E44C34B}.Debug|x64.Build.0 = Debug|Any CPU
		{74D2DC5D-C2FC-4AD0-B2C4-32955E44C34B}.Debug|x86.ActiveCfg = Debug|Any CPU
		{74D2DC5D-C2FC-4AD0-B2C4-32955E44C34B}.Debug|x86.Build.0 = Debug|Any CPU
		{74D2DC5D-C2FC-4AD0-B2C4-32955E44C34B}.Release|Any CPU.ActiveCfg = Release|Any CPU
		{74D2DC5D-C2FC-4AD0-B2C4-32955E44C34B}.Release|Any CPU.Build.0 = Release|Any CPU
		{74D2DC5D-C2FC-4AD0-B2C4-32955E44C34B}.Release|x64.ActiveCfg = Release|Any CPU
		{74D2DC5D-C2FC-4AD0-B2C4-32955E44C34B}.Release|x64.Build.0 = Release|Any CPU
		{74D2DC5D-C2FC-4AD0-B2C4-32955E44C34B}.Release|x86.ActiveCfg = Release|Any CPU
		{74D2DC5D-C2FC-4AD0-B2C4-32955E44C34B}.Release|x86.Build.0 = Release|Any CPU
		{618B4FEB-5152-45BD-A933-7A63F3F8ED53}.Debug|Any CPU.ActiveCfg = Debug|Any CPU
		{618B4FEB-5152-45BD-A933-7A63F3F8ED53}.Debug|Any CPU.Build.0 = Debug|Any CPU
		{618B4FEB-5152-45BD-A933-7A63F3F8ED53}.Debug|x64.ActiveCfg = Debug|Any CPU
		{618B4FEB-5152-45BD-A933-7A63F3F8ED53}.Debug|x64.Build.0 = Debug|Any CPU
		{618B4FEB-5152-45BD-A933-7A63F3F8ED53}.Debug|x86.ActiveCfg = Debug|Any CPU
		{618B4FEB-5152-45BD-A933-7A63F3F8ED53}.Debug|x86.Build.0 = Debug|Any CPU
		{618B4FEB-5152-45BD-A933-7A63F3F8ED53}.Release|Any CPU.ActiveCfg = Release|Any CPU
		{618B4FEB-5152-45BD-A933-7A63F3F8ED53}.Release|Any CPU.Build.0 = Release|Any CPU
		{618B4FEB-5152-45BD-A933-7A63F3F8ED53}.Release|x64.ActiveCfg = Release|Any CPU
		{618B4FEB-5152-45BD-A933-7A63F3F8ED53}.Release|x64.Build.0 = Release|Any CPU
		{618B4FEB-5152-45BD-A933-7A63F3F8ED53}.Release|x86.ActiveCfg = Release|Any CPU
		{618B4FEB-5152-45BD-A933-7A63F3F8ED53}.Release|x86.Build.0 = Release|Any CPU
		{006D670F-93B2-40D3-B92B-6D8FCD539580}.Debug|Any CPU.ActiveCfg = Debug|Any CPU
		{006D670F-93B2-40D3-B92B-6D8FCD539580}.Debug|Any CPU.Build.0 = Debug|Any CPU
		{006D670F-93B2-40D3-B92B-6D8FCD539580}.Debug|x64.ActiveCfg = Debug|Any CPU
		{006D670F-93B2-40D3-B92B-6D8FCD539580}.Debug|x64.Build.0 = Debug|Any CPU
		{006D670F-93B2-40D3-B92B-6D8FCD539580}.Debug|x86.ActiveCfg = Debug|Any CPU
		{006D670F-93B2-40D3-B92B-6D8FCD539580}.Debug|x86.Build.0 = Debug|Any CPU
		{006D670F-93B2-40D3-B92B-6D8FCD539580}.Release|Any CPU.ActiveCfg = Release|Any CPU
		{006D670F-93B2-40D3-B92B-6D8FCD539580}.Release|Any CPU.Build.0 = Release|Any CPU
		{006D670F-93B2-40D3-B92B-6D8FCD539580}.Release|x64.ActiveCfg = Release|Any CPU
		{006D670F-93B2-40D3-B92B-6D8FCD539580}.Release|x64.Build.0 = Release|Any CPU
		{006D670F-93B2-40D3-B92B-6D8FCD539580}.Release|x86.ActiveCfg = Release|Any CPU
		{006D670F-93B2-40D3-B92B-6D8FCD539580}.Release|x86.Build.0 = Release|Any CPU
		{909070FA-6E30-4EF7-9570-03DF206C904E}.Debug|Any CPU.ActiveCfg = Debug|Any CPU
		{909070FA-6E30-4EF7-9570-03DF206C904E}.Debug|Any CPU.Build.0 = Debug|Any CPU
		{909070FA-6E30-4EF7-9570-03DF206C904E}.Debug|x64.ActiveCfg = Debug|Any CPU
		{909070FA-6E30-4EF7-9570-03DF206C904E}.Debug|x64.Build.0 = Debug|Any CPU
		{909070FA-6E30-4EF7-9570-03DF206C904E}.Debug|x86.ActiveCfg = Debug|Any CPU
		{909070FA-6E30-4EF7-9570-03DF206C904E}.Debug|x86.Build.0 = Debug|Any CPU
		{909070FA-6E30-4EF7-9570-03DF206C904E}.Release|Any CPU.ActiveCfg = Release|Any CPU
		{909070FA-6E30-4EF7-9570-03DF206C904E}.Release|Any CPU.Build.0 = Release|Any CPU
		{909070FA-6E30-4EF7-9570-03DF206C904E}.Release|x64.ActiveCfg = Release|Any CPU
		{909070FA-6E30-4EF7-9570-03DF206C904E}.Release|x64.Build.0 = Release|Any CPU
		{909070FA-6E30-4EF7-9570-03DF206C904E}.Release|x86.ActiveCfg = Release|Any CPU
		{909070FA-6E30-4EF7-9570-03DF206C904E}.Release|x86.Build.0 = Release|Any CPU
		{E72EE964-C0B2-46A7-A0F0-C88F23F0DD4B}.Debug|Any CPU.ActiveCfg = Debug|Any CPU
		{E72EE964-C0B2-46A7-A0F0-C88F23F0DD4B}.Debug|Any CPU.Build.0 = Debug|Any CPU
		{E72EE964-C0B2-46A7-A0F0-C88F23F0DD4B}.Debug|x64.ActiveCfg = Debug|Any CPU
		{E72EE964-C0B2-46A7-A0F0-C88F23F0DD4B}.Debug|x64.Build.0 = Debug|Any CPU
		{E72EE964-C0B2-46A7-A0F0-C88F23F0DD4B}.Debug|x86.ActiveCfg = Debug|Any CPU
		{E72EE964-C0B2-46A7-A0F0-C88F23F0DD4B}.Debug|x86.Build.0 = Debug|Any CPU
		{E72EE964-C0B2-46A7-A0F0-C88F23F0DD4B}.Release|Any CPU.ActiveCfg = Release|Any CPU
		{E72EE964-C0B2-46A7-A0F0-C88F23F0DD4B}.Release|Any CPU.Build.0 = Release|Any CPU
		{E72EE964-C0B2-46A7-A0F0-C88F23F0DD4B}.Release|x64.ActiveCfg = Release|Any CPU
		{E72EE964-C0B2-46A7-A0F0-C88F23F0DD4B}.Release|x64.Build.0 = Release|Any CPU
		{E72EE964-C0B2-46A7-A0F0-C88F23F0DD4B}.Release|x86.ActiveCfg = Release|Any CPU
		{E72EE964-C0B2-46A7-A0F0-C88F23F0DD4B}.Release|x86.Build.0 = Release|Any CPU
		{1318B1A3-D129-4189-B85A-993D9AA027CD}.Debug|Any CPU.ActiveCfg = Debug|Any CPU
		{1318B1A3-D129-4189-B85A-993D9AA027CD}.Debug|Any CPU.Build.0 = Debug|Any CPU
		{1318B1A3-D129-4189-B85A-993D9AA027CD}.Debug|x64.ActiveCfg = Debug|Any CPU
		{1318B1A3-D129-4189-B85A-993D9AA027CD}.Debug|x64.Build.0 = Debug|Any CPU
		{1318B1A3-D129-4189-B85A-993D9AA027CD}.Debug|x86.ActiveCfg = Debug|Any CPU
		{1318B1A3-D129-4189-B85A-993D9AA027CD}.Debug|x86.Build.0 = Debug|Any CPU
		{1318B1A3-D129-4189-B85A-993D9AA027CD}.Release|Any CPU.ActiveCfg = Release|Any CPU
		{1318B1A3-D129-4189-B85A-993D9AA027CD}.Release|Any CPU.Build.0 = Release|Any CPU
		{1318B1A3-D129-4189-B85A-993D9AA027CD}.Release|x64.ActiveCfg = Release|Any CPU
		{1318B1A3-D129-4189-B85A-993D9AA027CD}.Release|x64.Build.0 = Release|Any CPU
		{1318B1A3-D129-4189-B85A-993D9AA027CD}.Release|x86.ActiveCfg = Release|Any CPU
		{1318B1A3-D129-4189-B85A-993D9AA027CD}.Release|x86.Build.0 = Release|Any CPU
		{6626B87F-F5C5-4ADA-9D52-1735685092DE}.Debug|Any CPU.ActiveCfg = Debug|Any CPU
		{6626B87F-F5C5-4ADA-9D52-1735685092DE}.Debug|Any CPU.Build.0 = Debug|Any CPU
		{6626B87F-F5C5-4ADA-9D52-1735685092DE}.Debug|x64.ActiveCfg = Debug|Any CPU
		{6626B87F-F5C5-4ADA-9D52-1735685092DE}.Debug|x64.Build.0 = Debug|Any CPU
		{6626B87F-F5C5-4ADA-9D52-1735685092DE}.Debug|x86.ActiveCfg = Debug|Any CPU
		{6626B87F-F5C5-4ADA-9D52-1735685092DE}.Debug|x86.Build.0 = Debug|Any CPU
		{6626B87F-F5C5-4ADA-9D52-1735685092DE}.Release|Any CPU.ActiveCfg = Release|Any CPU
		{6626B87F-F5C5-4ADA-9D52-1735685092DE}.Release|Any CPU.Build.0 = Release|Any CPU
		{6626B87F-F5C5-4ADA-9D52-1735685092DE}.Release|x64.ActiveCfg = Release|Any CPU
		{6626B87F-F5C5-4ADA-9D52-1735685092DE}.Release|x64.Build.0 = Release|Any CPU
		{6626B87F-F5C5-4ADA-9D52-1735685092DE}.Release|x86.ActiveCfg = Release|Any CPU
		{6626B87F-F5C5-4ADA-9D52-1735685092DE}.Release|x86.Build.0 = Release|Any CPU
		{4EACBB66-B1C2-4828-BCA7-653EE10E7E0A}.Debug|Any CPU.ActiveCfg = Debug|Any CPU
		{4EACBB66-B1C2-4828-BCA7-653EE10E7E0A}.Debug|Any CPU.Build.0 = Debug|Any CPU
		{4EACBB66-B1C2-4828-BCA7-653EE10E7E0A}.Debug|x64.ActiveCfg = Debug|Any CPU
		{4EACBB66-B1C2-4828-BCA7-653EE10E7E0A}.Debug|x64.Build.0 = Debug|Any CPU
		{4EACBB66-B1C2-4828-BCA7-653EE10E7E0A}.Debug|x86.ActiveCfg = Debug|Any CPU
		{4EACBB66-B1C2-4828-BCA7-653EE10E7E0A}.Debug|x86.Build.0 = Debug|Any CPU
		{4EACBB66-B1C2-4828-BCA7-653EE10E7E0A}.Release|Any CPU.ActiveCfg = Release|Any CPU
		{4EACBB66-B1C2-4828-BCA7-653EE10E7E0A}.Release|Any CPU.Build.0 = Release|Any CPU
		{4EACBB66-B1C2-4828-BCA7-653EE10E7E0A}.Release|x64.ActiveCfg = Release|Any CPU
		{4EACBB66-B1C2-4828-BCA7-653EE10E7E0A}.Release|x64.Build.0 = Release|Any CPU
		{4EACBB66-B1C2-4828-BCA7-653EE10E7E0A}.Release|x86.ActiveCfg = Release|Any CPU
		{4EACBB66-B1C2-4828-BCA7-653EE10E7E0A}.Release|x86.Build.0 = Release|Any CPU
		{535065A3-CCAE-4665-BF12-C76A47F42F35}.Debug|Any CPU.ActiveCfg = Debug|Any CPU
		{535065A3-CCAE-4665-BF12-C76A47F42F35}.Debug|Any CPU.Build.0 = Debug|Any CPU
		{535065A3-CCAE-4665-BF12-C76A47F42F35}.Debug|x64.ActiveCfg = Debug|Any CPU
		{535065A3-CCAE-4665-BF12-C76A47F42F35}.Debug|x64.Build.0 = Debug|Any CPU
		{535065A3-CCAE-4665-BF12-C76A47F42F35}.Debug|x86.ActiveCfg = Debug|Any CPU
		{535065A3-CCAE-4665-BF12-C76A47F42F35}.Debug|x86.Build.0 = Debug|Any CPU
		{535065A3-CCAE-4665-BF12-C76A47F42F35}.Release|Any CPU.ActiveCfg = Release|Any CPU
		{535065A3-CCAE-4665-BF12-C76A47F42F35}.Release|Any CPU.Build.0 = Release|Any CPU
		{535065A3-CCAE-4665-BF12-C76A47F42F35}.Release|x64.ActiveCfg = Release|Any CPU
		{535065A3-CCAE-4665-BF12-C76A47F42F35}.Release|x64.Build.0 = Release|Any CPU
		{535065A3-CCAE-4665-BF12-C76A47F42F35}.Release|x86.ActiveCfg = Release|Any CPU
		{535065A3-CCAE-4665-BF12-C76A47F42F35}.Release|x86.Build.0 = Release|Any CPU
		{93612085-5370-4695-8070-F9BD46560041}.Debug|Any CPU.ActiveCfg = Debug|Any CPU
		{93612085-5370-4695-8070-F9BD46560041}.Debug|Any CPU.Build.0 = Debug|Any CPU
		{93612085-5370-4695-8070-F9BD46560041}.Debug|x64.ActiveCfg = Debug|Any CPU
		{93612085-5370-4695-8070-F9BD46560041}.Debug|x64.Build.0 = Debug|Any CPU
		{93612085-5370-4695-8070-F9BD46560041}.Debug|x86.ActiveCfg = Debug|Any CPU
		{93612085-5370-4695-8070-F9BD46560041}.Debug|x86.Build.0 = Debug|Any CPU
		{93612085-5370-4695-8070-F9BD46560041}.Release|Any CPU.ActiveCfg = Release|Any CPU
		{93612085-5370-4695-8070-F9BD46560041}.Release|Any CPU.Build.0 = Release|Any CPU
		{93612085-5370-4695-8070-F9BD46560041}.Release|x64.ActiveCfg = Release|Any CPU
		{93612085-5370-4695-8070-F9BD46560041}.Release|x64.Build.0 = Release|Any CPU
		{93612085-5370-4695-8070-F9BD46560041}.Release|x86.ActiveCfg = Release|Any CPU
		{93612085-5370-4695-8070-F9BD46560041}.Release|x86.Build.0 = Release|Any CPU
	EndGlobalSection
	GlobalSection(SolutionProperties) = preSolution
		HideSolutionNode = FALSE
	EndGlobalSection
	GlobalSection(ExtensibilityGlobals) = postSolution
		SolutionGuid = {32C1908D-F477-4EA8-A22A-4D447A9E4BF7}
	EndGlobalSection
EndGlobal
